
Microsoft Visual Studio Solution File, Format Version 12.00
# Visual Studio Version 17
VisualStudioVersion = 17.5.33424.131
MinimumVisualStudioVersion = 10.0.40219.1
Project("{FAE04EC0-301F-11D3-BF4B-00C04F79EFBC}") = "MathCommon", "MathCommon\MathCommon.csproj", "{C972D3FA-183F-4C8E-AD6B-62A995B504B8}"
EndProject
Project("{FAE04EC0-301F-11D3-BF4B-00C04F79EFBC}") = "MathConsole", "MathConsole\MathConsole.csproj", "{06210F0D-9C42-43EC-ADA2-C008A5F67113}"
EndProject
Project("{9A19103F-16F7-4668-BE54-9A1E7A4F7556}") = "MathConsoleNet", "MathConsoleNet\MathConsoleNet.csproj", "{937FFA01-A2A0-4826-A133-2DAB8801A8A8}"
EndProject
Project("{9A19103F-16F7-4668-BE54-9A1E7A4F7556}") = "AndroidMathApp", "AndroidMathApp\AndroidMathApp.csproj", "{422DD9DB-9553-4F12-83D3-36ED8EAAAAAA}"
	ProjectSection(ProjectDependencies) = postProject
		{A2B80816-9B5D-4305-800A-9C122E689FFC} = {A2B80816-9B5D-4305-800A-9C122E689FFC}
	EndProjectSection
EndProject
Project("{9A19103F-16F7-4668-BE54-9A1E7A4F7556}") = "MathCommonNetCore", "MathCommonNetCore\MathCommonNetCore.csproj", "{9D2765F2-CD5D-4F5D-9362-DB195DCE3065}"
EndProject
Project("{9A19103F-16F7-4668-BE54-9A1E7A4F7556}") = "MathCommonAndroid", "MathCommonAndroid\MathCommonAndroid.csproj", "{BF91AE5F-8E6F-4519-837A-4C43C4511AB3}"
EndProject
Project("{8BC9CEB8-8B4A-11D0-8D11-00A0C91BC942}") = "MathLibrary", "MathLibrary\MathLibrary.vcxproj", "{A2B80816-9B5D-4305-800A-9C122E689FFC}"
EndProject
Project("{9A19103F-16F7-4668-BE54-9A1E7A4F7556}") = "MauiMathApp", "MauiMathApp\MauiMathApp.csproj", "{EB0F143D-1851-4756-A202-D1EB830B019A}"
EndProject
Global
	GlobalSection(SolutionConfigurationPlatforms) = preSolution
		Debug|Any CPU = Debug|Any CPU
		Debug|ARM = Debug|ARM
		Debug|ARM64 = Debug|ARM64
		Debug|x64 = Debug|x64
		Debug|x86 = Debug|x86
		Release|Any CPU = Release|Any CPU
		Release|ARM = Release|ARM
		Release|ARM64 = Release|ARM64
		Release|x64 = Release|x64
		Release|x86 = Release|x86
	EndGlobalSection
	GlobalSection(ProjectConfigurationPlatforms) = postSolution
		{C972D3FA-183F-4C8E-AD6B-62A995B504B8}.Debug|Any CPU.ActiveCfg = Debug|Any CPU
		{C972D3FA-183F-4C8E-AD6B-62A995B504B8}.Debug|Any CPU.Build.0 = Debug|Any CPU
		{C972D3FA-183F-4C8E-AD6B-62A995B504B8}.Debug|ARM.ActiveCfg = Debug|Any CPU
		{C972D3FA-183F-4C8E-AD6B-62A995B504B8}.Debug|ARM.Build.0 = Debug|Any CPU
		{C972D3FA-183F-4C8E-AD6B-62A995B504B8}.Debug|ARM64.ActiveCfg = Debug|Any CPU
		{C972D3FA-183F-4C8E-AD6B-62A995B504B8}.Debug|ARM64.Build.0 = Debug|Any CPU
		{C972D3FA-183F-4C8E-AD6B-62A995B504B8}.Debug|x64.ActiveCfg = Debug|Any CPU
		{C972D3FA-183F-4C8E-AD6B-62A995B504B8}.Debug|x64.Build.0 = Debug|Any CPU
		{C972D3FA-183F-4C8E-AD6B-62A995B504B8}.Debug|x86.ActiveCfg = Debug|Any CPU
		{C972D3FA-183F-4C8E-AD6B-62A995B504B8}.Debug|x86.Build.0 = Debug|Any CPU
		{C972D3FA-183F-4C8E-AD6B-62A995B504B8}.Release|Any CPU.ActiveCfg = Release|Any CPU
		{C972D3FA-183F-4C8E-AD6B-62A995B504B8}.Release|Any CPU.Build.0 = Release|Any CPU
		{C972D3FA-183F-4C8E-AD6B-62A995B504B8}.Release|ARM.ActiveCfg = Release|Any CPU
		{C972D3FA-183F-4C8E-AD6B-62A995B504B8}.Release|ARM.Build.0 = Release|Any CPU
		{C972D3FA-183F-4C8E-AD6B-62A995B504B8}.Release|ARM64.ActiveCfg = Release|Any CPU
		{C972D3FA-183F-4C8E-AD6B-62A995B504B8}.Release|ARM64.Build.0 = Release|Any CPU
		{C972D3FA-183F-4C8E-AD6B-62A995B504B8}.Release|x64.ActiveCfg = Release|Any CPU
		{C972D3FA-183F-4C8E-AD6B-62A995B504B8}.Release|x64.Build.0 = Release|Any CPU
		{C972D3FA-183F-4C8E-AD6B-62A995B504B8}.Release|x86.ActiveCfg = Release|Any CPU
		{C972D3FA-183F-4C8E-AD6B-62A995B504B8}.Release|x86.Build.0 = Release|Any CPU
		{06210F0D-9C42-43EC-ADA2-C008A5F67113}.Debug|Any CPU.ActiveCfg = Debug|Any CPU
		{06210F0D-9C42-43EC-ADA2-C008A5F67113}.Debug|Any CPU.Build.0 = Debug|Any CPU
		{06210F0D-9C42-43EC-ADA2-C008A5F67113}.Debug|ARM.ActiveCfg = Debug|Any CPU
		{06210F0D-9C42-43EC-ADA2-C008A5F67113}.Debug|ARM.Build.0 = Debug|Any CPU
		{06210F0D-9C42-43EC-ADA2-C008A5F67113}.Debug|ARM64.ActiveCfg = Debug|Any CPU
		{06210F0D-9C42-43EC-ADA2-C008A5F67113}.Debug|ARM64.Build.0 = Debug|Any CPU
		{06210F0D-9C42-43EC-ADA2-C008A5F67113}.Debug|x64.ActiveCfg = Debug|Any CPU
		{06210F0D-9C42-43EC-ADA2-C008A5F67113}.Debug|x64.Build.0 = Debug|Any CPU
		{06210F0D-9C42-43EC-ADA2-C008A5F67113}.Debug|x86.ActiveCfg = Debug|Any CPU
		{06210F0D-9C42-43EC-ADA2-C008A5F67113}.Debug|x86.Build.0 = Debug|Any CPU
		{06210F0D-9C42-43EC-ADA2-C008A5F67113}.Release|Any CPU.ActiveCfg = Release|Any CPU
		{06210F0D-9C42-43EC-ADA2-C008A5F67113}.Release|Any CPU.Build.0 = Release|Any CPU
		{06210F0D-9C42-43EC-ADA2-C008A5F67113}.Release|ARM.ActiveCfg = Release|Any CPU
		{06210F0D-9C42-43EC-ADA2-C008A5F67113}.Release|ARM.Build.0 = Release|Any CPU
		{06210F0D-9C42-43EC-ADA2-C008A5F67113}.Release|ARM64.ActiveCfg = Release|Any CPU
		{06210F0D-9C42-43EC-ADA2-C008A5F67113}.Release|ARM64.Build.0 = Release|Any CPU
		{06210F0D-9C42-43EC-ADA2-C008A5F67113}.Release|x64.ActiveCfg = Release|Any CPU
		{06210F0D-9C42-43EC-ADA2-C008A5F67113}.Release|x64.Build.0 = Release|Any CPU
		{06210F0D-9C42-43EC-ADA2-C008A5F67113}.Release|x86.ActiveCfg = Release|Any CPU
		{06210F0D-9C42-43EC-ADA2-C008A5F67113}.Release|x86.Build.0 = Release|Any CPU
		{937FFA01-A2A0-4826-A133-2DAB8801A8A8}.Debug|Any CPU.ActiveCfg = Debug|Any CPU
		{937FFA01-A2A0-4826-A133-2DAB8801A8A8}.Debug|Any CPU.Build.0 = Debug|Any CPU
		{937FFA01-A2A0-4826-A133-2DAB8801A8A8}.Debug|ARM.ActiveCfg = Debug|Any CPU
		{937FFA01-A2A0-4826-A133-2DAB8801A8A8}.Debug|ARM.Build.0 = Debug|Any CPU
		{937FFA01-A2A0-4826-A133-2DAB8801A8A8}.Debug|ARM64.ActiveCfg = Debug|Any CPU
		{937FFA01-A2A0-4826-A133-2DAB8801A8A8}.Debug|ARM64.Build.0 = Debug|Any CPU
		{937FFA01-A2A0-4826-A133-2DAB8801A8A8}.Debug|x64.ActiveCfg = Debug|Any CPU
		{937FFA01-A2A0-4826-A133-2DAB8801A8A8}.Debug|x64.Build.0 = Debug|Any CPU
		{937FFA01-A2A0-4826-A133-2DAB8801A8A8}.Debug|x86.ActiveCfg = Debug|Any CPU
		{937FFA01-A2A0-4826-A133-2DAB8801A8A8}.Debug|x86.Build.0 = Debug|Any CPU
		{937FFA01-A2A0-4826-A133-2DAB8801A8A8}.Release|Any CPU.ActiveCfg = Release|Any CPU
		{937FFA01-A2A0-4826-A133-2DAB8801A8A8}.Release|Any CPU.Build.0 = Release|Any CPU
		{937FFA01-A2A0-4826-A133-2DAB8801A8A8}.Release|ARM.ActiveCfg = Release|Any CPU
		{937FFA01-A2A0-4826-A133-2DAB8801A8A8}.Release|ARM.Build.0 = Release|Any CPU
		{937FFA01-A2A0-4826-A133-2DAB8801A8A8}.Release|ARM64.ActiveCfg = Release|Any CPU
		{937FFA01-A2A0-4826-A133-2DAB8801A8A8}.Release|ARM64.Build.0 = Release|Any CPU
		{937FFA01-A2A0-4826-A133-2DAB8801A8A8}.Release|x64.ActiveCfg = Release|Any CPU
		{937FFA01-A2A0-4826-A133-2DAB8801A8A8}.Release|x64.Build.0 = Release|Any CPU
		{937FFA01-A2A0-4826-A133-2DAB8801A8A8}.Release|x86.ActiveCfg = Release|Any CPU
		{937FFA01-A2A0-4826-A133-2DAB8801A8A8}.Release|x86.Build.0 = Release|Any CPU
		{422DD9DB-9553-4F12-83D3-36ED8EAAAAAA}.Debug|Any CPU.ActiveCfg = Debug|Any CPU
		{422DD9DB-9553-4F12-83D3-36ED8EAAAAAA}.Debug|Any CPU.Build.0 = Debug|Any CPU
		{422DD9DB-9553-4F12-83D3-36ED8EAAAAAA}.Debug|Any CPU.Deploy.0 = Debug|Any CPU
		{422DD9DB-9553-4F12-83D3-36ED8EAAAAAA}.Debug|ARM.ActiveCfg = Debug|Any CPU
		{422DD9DB-9553-4F12-83D3-36ED8EAAAAAA}.Debug|ARM.Build.0 = Debug|Any CPU
		{422DD9DB-9553-4F12-83D3-36ED8EAAAAAA}.Debug|ARM.Deploy.0 = Debug|Any CPU
		{422DD9DB-9553-4F12-83D3-36ED8EAAAAAA}.Debug|ARM64.ActiveCfg = Debug|Any CPU
		{422DD9DB-9553-4F12-83D3-36ED8EAAAAAA}.Debug|ARM64.Build.0 = Debug|Any CPU
		{422DD9DB-9553-4F12-83D3-36ED8EAAAAAA}.Debug|ARM64.Deploy.0 = Debug|Any CPU
		{422DD9DB-9553-4F12-83D3-36ED8EAAAAAA}.Debug|x64.ActiveCfg = Debug|Any CPU
		{422DD9DB-9553-4F12-83D3-36ED8EAAAAAA}.Debug|x64.Build.0 = Debug|Any CPU
		{422DD9DB-9553-4F12-83D3-36ED8EAAAAAA}.Debug|x64.Deploy.0 = Debug|Any CPU
		{422DD9DB-9553-4F12-83D3-36ED8EAAAAAA}.Debug|x86.ActiveCfg = Debug|Any CPU
		{422DD9DB-9553-4F12-83D3-36ED8EAAAAAA}.Debug|x86.Build.0 = Debug|Any CPU
		{422DD9DB-9553-4F12-83D3-36ED8EAAAAAA}.Debug|x86.Deploy.0 = Debug|Any CPU
		{422DD9DB-9553-4F12-83D3-36ED8EAAAAAA}.Release|Any CPU.ActiveCfg = Release|Any CPU
		{422DD9DB-9553-4F12-83D3-36ED8EAAAAAA}.Release|Any CPU.Build.0 = Release|Any CPU
		{422DD9DB-9553-4F12-83D3-36ED8EAAAAAA}.Release|Any CPU.Deploy.0 = Release|Any CPU
		{422DD9DB-9553-4F12-83D3-36ED8EAAAAAA}.Release|ARM.ActiveCfg = Release|Any CPU
		{422DD9DB-9553-4F12-83D3-36ED8EAAAAAA}.Release|ARM.Build.0 = Release|Any CPU
		{422DD9DB-9553-4F12-83D3-36ED8EAAAAAA}.Release|ARM.Deploy.0 = Release|Any CPU
		{422DD9DB-9553-4F12-83D3-36ED8EAAAAAA}.Release|ARM64.ActiveCfg = Release|Any CPU
		{422DD9DB-9553-4F12-83D3-36ED8EAAAAAA}.Release|ARM64.Build.0 = Release|Any CPU
		{422DD9DB-9553-4F12-83D3-36ED8EAAAAAA}.Release|ARM64.Deploy.0 = Release|Any CPU
		{422DD9DB-9553-4F12-83D3-36ED8EAAAAAA}.Release|x64.ActiveCfg = Release|Any CPU
		{422DD9DB-9553-4F12-83D3-36ED8EAAAAAA}.Release|x64.Build.0 = Release|Any CPU
		{422DD9DB-9553-4F12-83D3-36ED8EAAAAAA}.Release|x64.Deploy.0 = Release|Any CPU
		{422DD9DB-9553-4F12-83D3-36ED8EAAAAAA}.Release|x86.ActiveCfg = Release|Any CPU
		{422DD9DB-9553-4F12-83D3-36ED8EAAAAAA}.Release|x86.Build.0 = Release|Any CPU
		{422DD9DB-9553-4F12-83D3-36ED8EAAAAAA}.Release|x86.Deploy.0 = Release|Any CPU
		{9D2765F2-CD5D-4F5D-9362-DB195DCE3065}.Debug|Any CPU.ActiveCfg = Debug|Any CPU
		{9D2765F2-CD5D-4F5D-9362-DB195DCE3065}.Debug|Any CPU.Build.0 = Debug|Any CPU
		{9D2765F2-CD5D-4F5D-9362-DB195DCE3065}.Debug|ARM.ActiveCfg = Debug|Any CPU
		{9D2765F2-CD5D-4F5D-9362-DB195DCE3065}.Debug|ARM.Build.0 = Debug|Any CPU
		{9D2765F2-CD5D-4F5D-9362-DB195DCE3065}.Debug|ARM64.ActiveCfg = Debug|Any CPU
		{9D2765F2-CD5D-4F5D-9362-DB195DCE3065}.Debug|ARM64.Build.0 = Debug|Any CPU
		{9D2765F2-CD5D-4F5D-9362-DB195DCE3065}.Debug|x64.ActiveCfg = Debug|Any CPU
		{9D2765F2-CD5D-4F5D-9362-DB195DCE3065}.Debug|x64.Build.0 = Debug|Any CPU
		{9D2765F2-CD5D-4F5D-9362-DB195DCE3065}.Debug|x86.ActiveCfg = Debug|Any CPU
		{9D2765F2-CD5D-4F5D-9362-DB195DCE3065}.Debug|x86.Build.0 = Debug|Any CPU
		{9D2765F2-CD5D-4F5D-9362-DB195DCE3065}.Release|Any CPU.ActiveCfg = Release|Any CPU
		{9D2765F2-CD5D-4F5D-9362-DB195DCE3065}.Release|Any CPU.Build.0 = Release|Any CPU
		{9D2765F2-CD5D-4F5D-9362-DB195DCE3065}.Release|ARM.ActiveCfg = Release|Any CPU
		{9D2765F2-CD5D-4F5D-9362-DB195DCE3065}.Release|ARM.Build.0 = Release|Any CPU
		{9D2765F2-CD5D-4F5D-9362-DB195DCE3065}.Release|ARM64.ActiveCfg = Release|Any CPU
		{9D2765F2-CD5D-4F5D-9362-DB195DCE3065}.Release|ARM64.Build.0 = Release|Any CPU
		{9D2765F2-CD5D-4F5D-9362-DB195DCE3065}.Release|x64.ActiveCfg = Release|Any CPU
		{9D2765F2-CD5D-4F5D-9362-DB195DCE3065}.Release|x64.Build.0 = Release|Any CPU
		{9D2765F2-CD5D-4F5D-9362-DB195DCE3065}.Release|x86.ActiveCfg = Release|Any CPU
		{9D2765F2-CD5D-4F5D-9362-DB195DCE3065}.Release|x86.Build.0 = Release|Any CPU
		{BF91AE5F-8E6F-4519-837A-4C43C4511AB3}.Debug|Any CPU.ActiveCfg = Debug|Any CPU
		{BF91AE5F-8E6F-4519-837A-4C43C4511AB3}.Debug|Any CPU.Build.0 = Debug|Any CPU
		{BF91AE5F-8E6F-4519-837A-4C43C4511AB3}.Debug|ARM.ActiveCfg = Debug|Any CPU
		{BF91AE5F-8E6F-4519-837A-4C43C4511AB3}.Debug|ARM.Build.0 = Debug|Any CPU
		{BF91AE5F-8E6F-4519-837A-4C43C4511AB3}.Debug|ARM64.ActiveCfg = Debug|Any CPU
		{BF91AE5F-8E6F-4519-837A-4C43C4511AB3}.Debug|ARM64.Build.0 = Debug|Any CPU
		{BF91AE5F-8E6F-4519-837A-4C43C4511AB3}.Debug|x64.ActiveCfg = Debug|Any CPU
		{BF91AE5F-8E6F-4519-837A-4C43C4511AB3}.Debug|x64.Build.0 = Debug|Any CPU
		{BF91AE5F-8E6F-4519-837A-4C43C4511AB3}.Debug|x86.ActiveCfg = Debug|Any CPU
		{BF91AE5F-8E6F-4519-837A-4C43C4511AB3}.Debug|x86.Build.0 = Debug|Any CPU
		{BF91AE5F-8E6F-4519-837A-4C43C4511AB3}.Release|Any CPU.ActiveCfg = Release|Any CPU
		{BF91AE5F-8E6F-4519-837A-4C43C4511AB3}.Release|Any CPU.Build.0 = Release|Any CPU
		{BF91AE5F-8E6F-4519-837A-4C43C4511AB3}.Release|ARM.ActiveCfg = Release|Any CPU
		{BF91AE5F-8E6F-4519-837A-4C43C4511AB3}.Release|ARM.Build.0 = Release|Any CPU
		{BF91AE5F-8E6F-4519-837A-4C43C4511AB3}.Release|ARM64.ActiveCfg = Release|Any CPU
		{BF91AE5F-8E6F-4519-837A-4C43C4511AB3}.Release|ARM64.Build.0 = Release|Any CPU
		{BF91AE5F-8E6F-4519-837A-4C43C4511AB3}.Release|x64.ActiveCfg = Release|Any CPU
		{BF91AE5F-8E6F-4519-837A-4C43C4511AB3}.Release|x64.Build.0 = Release|Any CPU
		{BF91AE5F-8E6F-4519-837A-4C43C4511AB3}.Release|x86.ActiveCfg = Release|Any CPU
		{BF91AE5F-8E6F-4519-837A-4C43C4511AB3}.Release|x86.Build.0 = Release|Any CPU
		{A2B80816-9B5D-4305-800A-9C122E689FFC}.Debug|Any CPU.ActiveCfg = Debug|ARM64
		{A2B80816-9B5D-4305-800A-9C122E689FFC}.Debug|Any CPU.Build.0 = Debug|ARM64
		{A2B80816-9B5D-4305-800A-9C122E689FFC}.Debug|ARM.ActiveCfg = Debug|ARM
		{A2B80816-9B5D-4305-800A-9C122E689FFC}.Debug|ARM.Build.0 = Debug|ARM
		{A2B80816-9B5D-4305-800A-9C122E689FFC}.Debug|ARM64.ActiveCfg = Debug|ARM64
		{A2B80816-9B5D-4305-800A-9C122E689FFC}.Debug|ARM64.Build.0 = Debug|ARM64
		{A2B80816-9B5D-4305-800A-9C122E689FFC}.Debug|x64.ActiveCfg = Debug|x64
		{A2B80816-9B5D-4305-800A-9C122E689FFC}.Debug|x64.Build.0 = Debug|x64
		{A2B80816-9B5D-4305-800A-9C122E689FFC}.Debug|x86.ActiveCfg = Debug|x86
		{A2B80816-9B5D-4305-800A-9C122E689FFC}.Debug|x86.Build.0 = Debug|x86
		{A2B80816-9B5D-4305-800A-9C122E689FFC}.Release|Any CPU.ActiveCfg = Release|x64
		{A2B80816-9B5D-4305-800A-9C122E689FFC}.Release|Any CPU.Build.0 = Release|x64
		{A2B80816-9B5D-4305-800A-9C122E689FFC}.Release|ARM.ActiveCfg = Release|ARM
		{A2B80816-9B5D-4305-800A-9C122E689FFC}.Release|ARM.Build.0 = Release|ARM
		{A2B80816-9B5D-4305-800A-9C122E689FFC}.Release|ARM64.ActiveCfg = Release|ARM64
		{A2B80816-9B5D-4305-800A-9C122E689FFC}.Release|ARM64.Build.0 = Release|ARM64
		{A2B80816-9B5D-4305-800A-9C122E689FFC}.Release|x64.ActiveCfg = Release|x64
		{A2B80816-9B5D-4305-800A-9C122E689FFC}.Release|x64.Build.0 = Release|x64
		{A2B80816-9B5D-4305-800A-9C122E689FFC}.Release|x86.ActiveCfg = Release|x86
		{A2B80816-9B5D-4305-800A-9C122E689FFC}.Release|x86.Build.0 = Release|x86
		{EB0F143D-1851-4756-A202-D1EB830B019A}.Debug|Any CPU.ActiveCfg = Debug|Any CPU
		{EB0F143D-1851-4756-A202-D1EB830B019A}.Debug|Any CPU.Build.0 = Debug|Any CPU
		{EB0F143D-1851-4756-A202-D1EB830B019A}.Debug|Any CPU.Deploy.0 = Debug|Any CPU
		{EB0F143D-1851-4756-A202-D1EB830B019A}.Debug|ARM.ActiveCfg = Debug|Any CPU
		{EB0F143D-1851-4756-A202-D1EB830B019A}.Debug|ARM.Build.0 = Debug|Any CPU
		{EB0F143D-1851-4756-A202-D1EB830B019A}.Debug|ARM.Deploy.0 = Debug|Any CPU
		{EB0F143D-1851-4756-A202-D1EB830B019A}.Debug|ARM64.ActiveCfg = Debug|Any CPU
		{EB0F143D-1851-4756-A202-D1EB830B019A}.Debug|ARM64.Build.0 = Debug|Any CPU
		{EB0F143D-1851-4756-A202-D1EB830B019A}.Debug|ARM64.Deploy.0 = Debug|Any CPU
		{EB0F143D-1851-4756-A202-D1EB830B019A}.Debug|x64.ActiveCfg = Debug|Any CPU
		{EB0F143D-1851-4756-A202-D1EB830B019A}.Debug|x64.Build.0 = Debug|Any CPU
		{EB0F143D-1851-4756-A202-D1EB830B019A}.Debug|x64.Deploy.0 = Debug|Any CPU
		{EB0F143D-1851-4756-A202-D1EB830B019A}.Debug|x86.ActiveCfg = Debug|Any CPU
		{EB0F143D-1851-4756-A202-D1EB830B019A}.Debug|x86.Build.0 = Debug|Any CPU
		{EB0F143D-1851-4756-A202-D1EB830B019A}.Debug|x86.Deploy.0 = Debug|Any CPU
		{EB0F143D-1851-4756-A202-D1EB830B019A}.Release|Any CPU.ActiveCfg = Release|Any CPU
		{EB0F143D-1851-4756-A202-D1EB830B019A}.Release|Any CPU.Build.0 = Release|Any CPU
		{EB0F143D-1851-4756-A202-D1EB830B019A}.Release|Any CPU.Deploy.0 = Release|Any CPU
		{EB0F143D-1851-4756-A202-D1EB830B019A}.Release|ARM.ActiveCfg = Release|Any CPU
		{EB0F143D-1851-4756-A202-D1EB830B019A}.Release|ARM.Build.0 = Release|Any CPU
		{EB0F143D-1851-4756-A202-D1EB830B019A}.Release|ARM.Deploy.0 = Release|Any CPU
		{EB0F143D-1851-4756-A202-D1EB830B019A}.Release|ARM64.ActiveCfg = Release|Any CPU
		{EB0F143D-1851-4756-A202-D1EB830B019A}.Release|ARM64.Build.0 = Release|Any CPU
		{EB0F143D-1851-4756-A202-D1EB830B019A}.Release|ARM64.Deploy.0 = Release|Any CPU
		{EB0F143D-1851-4756-A202-D1EB830B019A}.Release|x64.ActiveCfg = Release|Any CPU
		{EB0F143D-1851-4756-A202-D1EB830B019A}.Release|x64.Build.0 = Release|Any CPU
		{EB0F143D-1851-4756-A202-D1EB830B019A}.Release|x64.Deploy.0 = Release|Any CPU
		{EB0F143D-1851-4756-A202-D1EB830B019A}.Release|x86.ActiveCfg = Release|Any CPU
		{EB0F143D-1851-4756-A202-D1EB830B019A}.Release|x86.Build.0 = Release|Any CPU
		{EB0F143D-1851-4756-A202-D1EB830B019A}.Release|x86.Deploy.0 = Release|Any CPU
	EndGlobalSection
	GlobalSection(SolutionProperties) = preSolution
		HideSolutionNode = FALSE
	EndGlobalSection
	GlobalSection(ExtensibilityGlobals) = postSolution
		SolutionGuid = {6C688D25-AD82-4784-86BE-1741F40CBA86}
	EndGlobalSection
EndGlobal
